
Microsoft Visual Studio Solution File, Format Version 12.00
# Visual Studio 2013
VisualStudioVersion = 12.0.21005.1
MinimumVisualStudioVersion = 10.0.40219.1
Project("{FAE04EC0-301F-11D3-BF4B-00C04F79EFBC}") = "LookupperData", "LookupperData\LookupperData.csproj", "{2EAD24BC-B984-4825-A1DE-AA290880B7A8}"
EndProject
Project("{2150E333-8FDC-42A3-9474-1A3956D46DE8}") = "Solution Items", "Solution Items", "{29F3C407-7437-4BF1-8714-BDA2CC598659}"
	ProjectSection(SolutionItems) = preProject
		ThirdPartyLibraries\lookuper.sqlite = ThirdPartyLibraries\lookuper.sqlite
	EndProjectSection
EndProject
Project("{FAE04EC0-301F-11D3-BF4B-00C04F79EFBC}") = "LookuperModel", "LookuperModel\LookuperModel.csproj", "{7DB51780-DDC5-42B0-96C5-52B8E688AF15}"
EndProject
Project("{FAE04EC0-301F-11D3-BF4B-00C04F79EFBC}") = "LookuperView", "LookuperView\LookuperView.csproj", "{02E83911-D1C1-4F1F-AC3C-594EC935F3E1}"
EndProject
Project("{2150E333-8FDC-42A3-9474-1A3956D46DE8}") = "Release", "Release", "{D22830BB-C2FB-4252-B089-8A7401B5AF7B}"
	ProjectSection(SolutionItems) = preProject
		Release\Lookuper  Alpha 1.exe = Release\Lookuper  Alpha 1.exe
	EndProjectSection
EndProject
Global
	GlobalSection(SolutionConfigurationPlatforms) = preSolution
		Debug|Any CPU = Debug|Any CPU
		Release|Any CPU = Release|Any CPU
	EndGlobalSection
	GlobalSection(ProjectConfigurationPlatforms) = postSolution
		{2EAD24BC-B984-4825-A1DE-AA290880B7A8}.Debug|Any CPU.ActiveCfg = Debug|Any CPU
		{2EAD24BC-B984-4825-A1DE-AA290880B7A8}.Debug|Any CPU.Build.0 = Debug|Any CPU
		{2EAD24BC-B984-4825-A1DE-AA290880B7A8}.Release|Any CPU.ActiveCfg = Release|Any CPU
		{2EAD24BC-B984-4825-A1DE-AA290880B7A8}.Release|Any CPU.Build.0 = Release|Any CPU
		{7DB51780-DDC5-42B0-96C5-52B8E688AF15}.Debug|Any CPU.ActiveCfg = Debug|Any CPU
		{7DB51780-DDC5-42B0-96C5-52B8E688AF15}.Debug|Any CPU.Build.0 = Debug|Any CPU
		{7DB51780-DDC5-42B0-96C5-52B8E688AF15}.Release|Any CPU.ActiveCfg = Release|Any CPU
		{7DB51780-DDC5-42B0-96C5-52B8E688AF15}.Release|Any CPU.Build.0 = Release|Any CPU
		{02E83911-D1C1-4F1F-AC3C-594EC935F3E1}.Debug|Any CPU.ActiveCfg = Debug|Any CPU
		{02E83911-D1C1-4F1F-AC3C-594EC935F3E1}.Debug|Any CPU.Build.0 = Debug|Any CPU
		{02E83911-D1C1-4F1F-AC3C-594EC935F3E1}.Release|Any CPU.ActiveCfg = Release|Any CPU
		{02E83911-D1C1-4F1F-AC3C-594EC935F3E1}.Release|Any CPU.Build.0 = Release|Any CPU
	EndGlobalSection
	GlobalSection(SolutionProperties) = preSolution
		HideSolutionNode = FALSE
	EndGlobalSection
EndGlobal
